
Microsoft Visual Studio Solution File, Format Version 12.00
# Visual Studio Version 17
VisualStudioVersion = 17.2.32630.192
MinimumVisualStudioVersion = 10.0.40219.1
Project("{FAE04EC0-301F-11D3-BF4B-00C04F79EFBC}") = "TradingNetwork.API", "TradingNetwork.API\TradingNetwork.API.csproj", "{621A9606-1755-45A2-B59B-942C1475D20E}"
EndProject
Global
	GlobalSection(SolutionConfigurationPlatforms) = preSolution
		Debug|Any CPU = Debug|Any CPU
		Release|Any CPU = Release|Any CPU
	EndGlobalSection
	GlobalSection(ProjectConfigurationPlatforms) = postSolution
		{621A9606-1755-45A2-B59B-942C1475D20E}.Debug|Any CPU.ActiveCfg = Debug|Any CPU
		{621A9606-1755-45A2-B59B-942C1475D20E}.Debug|Any CPU.Build.0 = Debug|Any CPU
		{621A9606-1755-45A2-B59B-942C1475D20E}.Release|Any CPU.ActiveCfg = Release|Any CPU
		{621A9606-1755-45A2-B59B-942C1475D20E}.Release|Any CPU.Build.0 = Release|Any CPU
	EndGlobalSection
	GlobalSection(SolutionProperties) = preSolution
		HideSolutionNode = FALSE
	EndGlobalSection
	GlobalSection(ExtensibilityGlobals) = postSolution
		SolutionGuid = {86877C59-E2FE-441C-BF30-59D365AC8FC5}
	EndGlobalSection
EndGlobal
